
Microsoft Visual Studio Solution File, Format Version 12.00
# Visual Studio Version 17
VisualStudioVersion = 17.0.31903.59
MinimumVisualStudioVersion = 10.0.40219.1
Project("{FAE04EC0-301F-11D3-BF4B-00C04F79EFBC}") = "Industrial.Adam.Logger.IntegrationTests", "src\Industrial.Adam.Logger.IntegrationTests\Industrial.Adam.Logger.IntegrationTests.csproj", "{1A6566DF-416E-B2C7-C1FF-B06D1849AB0F}"
EndProject
Project("{2150E333-8FDC-42A3-9474-1A3956D46DE8}") = "src", "src", "{827E0CD3-B72D-47B6-A68D-7590B98EB39B}"
EndProject
Project("{2150E333-8FDC-42A3-9474-1A3956D46DE8}") = "tests", "tests", "{0AB3BF05-4346-4AA6-1389-037BE0695223}"
EndProject
Project("{2150E333-8FDC-42A3-9474-1A3956D46DE8}") = "examples", "examples", "{B36A84DF-456D-A817-6EDD-3EC3E7F6E11F}"
EndProject
Project("{FAE04EC0-301F-11D3-BF4B-00C04F79EFBC}") = "Industrial.Adam.Logger.WebApi", "src\Industrial.Adam.Logger.WebApi\Industrial.Adam.Logger.WebApi.csproj", "{9631BDEC-18CC-4140-830C-4B71A55756D4}"
EndProject
Project("{FAE04EC0-301F-11D3-BF4B-00C04F79EFBC}") = "Industrial.Adam.Logger.Core", "src\Industrial.Adam.Logger.Core\Industrial.Adam.Logger.Core.csproj", "{A631BDEC-28CC-4240-930C-5B71A55756D5}"
EndProject
Project("{FAE04EC0-301F-11D3-BF4B-00C04F79EFBC}") = "Industrial.Adam.Logger.Core.Tests", "src\Industrial.Adam.Logger.Core.Tests\Industrial.Adam.Logger.Core.Tests.csproj", "{B631BDEC-38CC-4340-A30C-6B71A55756D6}"
EndProject
Project("{FAE04EC0-301F-11D3-BF4B-00C04F79EFBC}") = "Industrial.Adam.Logger.Console", "src\Industrial.Adam.Logger.Console\Industrial.Adam.Logger.Console.csproj", "{C631BDEC-48CC-4440-B30C-7B71A55756D7}"
EndProject
Project("{FAE04EC0-301F-11D3-BF4B-00C04F79EFBC}") = "Industrial.Adam.Logger.Simulator", "src\Industrial.Adam.Logger.Simulator\Industrial.Adam.Logger.Simulator.csproj", "{D631BDEC-58CC-4540-C30C-8B71A55756D8}"
EndProject
Project("{FAE04EC0-301F-11D3-BF4B-00C04F79EFBC}") = "Industrial.Adam.Oee.Domain", "src\Industrial.Adam.Oee\Domain\Industrial.Adam.Oee.Domain.csproj", "{E631BDEC-68CC-4640-D30C-9B71A55756D9}"
EndProject
Project("{FAE04EC0-301F-11D3-BF4B-00C04F79EFBC}") = "Industrial.Adam.Oee.Application", "src\Industrial.Adam.Oee\Application\Industrial.Adam.Oee.Application.csproj", "{F631BDEC-78CC-4740-E30C-AB71A55756DA}"
EndProject
Project("{FAE04EC0-301F-11D3-BF4B-00C04F79EFBC}") = "Industrial.Adam.Oee.Infrastructure", "src\Industrial.Adam.Oee\Infrastructure\Industrial.Adam.Oee.Infrastructure.csproj", "{G631BDEC-88CC-4840-F30C-BB71A55756DB}"
EndProject
Project("{FAE04EC0-301F-11D3-BF4B-00C04F79EFBC}") = "Industrial.Adam.Oee.WebApi", "src\Industrial.Adam.Oee\WebApi\Industrial.Adam.Oee.WebApi.csproj", "{H631BDEC-98CC-4940-030C-CB71A55756DC}"
EndProject
Project("{FAE04EC0-301F-11D3-BF4B-00C04F79EFBC}") = "Industrial.Adam.Oee.Tests", "src\Industrial.Adam.Oee\Tests\Industrial.Adam.Oee.Tests.csproj", "{I631BDEC-A8CC-4A40-130C-DB71A55756DD}"
EndProject
Project("{FAE04EC0-301F-11D3-BF4B-00C04F79EFBC}") = "Industrial.Adam.EquipmentScheduling.Domain", "src\Industrial.Adam.EquipmentScheduling\Domain\Industrial.Adam.EquipmentScheduling.Domain.csproj", "{J631BDEC-B8CC-4B40-230C-EB71A55756DE}"
EndProject
Project("{FAE04EC0-301F-11D3-BF4B-00C04F79EFBC}") = "Industrial.Adam.EquipmentScheduling.Application", "src\Industrial.Adam.EquipmentScheduling\Application\Industrial.Adam.EquipmentScheduling.Application.csproj", "{K631BDEC-C8CC-4C40-330C-FB71A55756DF}"
EndProject
Project("{FAE04EC0-301F-11D3-BF4B-00C04F79EFBC}") = "Industrial.Adam.EquipmentScheduling.Infrastructure", "src\Industrial.Adam.EquipmentScheduling\Infrastructure\Industrial.Adam.EquipmentScheduling.Infrastructure.csproj", "{L631BDEC-D8CC-4D40-430C-0B72A55756E0}"
EndProject
Project("{FAE04EC0-301F-11D3-BF4B-00C04F79EFBC}") = "Industrial.Adam.EquipmentScheduling.WebApi", "src\Industrial.Adam.EquipmentScheduling\WebApi\Industrial.Adam.EquipmentScheduling.WebApi.csproj", "{M631BDEC-E8CC-4E40-530C-1B72A55756E1}"
EndProject
Project("{FAE04EC0-301F-11D3-BF4B-00C04F79EFBC}") = "Industrial.Adam.EquipmentScheduling.Tests", "src\Industrial.Adam.EquipmentScheduling\Tests\Industrial.Adam.EquipmentScheduling.Tests.csproj", "{N631BDEC-F8CC-4F40-630C-2B72A55756E2}"
EndProject
Global
	GlobalSection(SolutionConfigurationPlatforms) = preSolution
		Debug|Any CPU = Debug|Any CPU
		Debug|x64 = Debug|x64
		Debug|x86 = Debug|x86
		Release|Any CPU = Release|Any CPU
		Release|x64 = Release|x64
		Release|x86 = Release|x86
	EndGlobalSection
	GlobalSection(ProjectConfigurationPlatforms) = postSolution
		{1A6566DF-416E-B2C7-C1FF-B06D1849AB0F}.Debug|Any CPU.ActiveCfg = Debug|Any CPU
		{1A6566DF-416E-B2C7-C1FF-B06D1849AB0F}.Debug|Any CPU.Build.0 = Debug|Any CPU
		{1A6566DF-416E-B2C7-C1FF-B06D1849AB0F}.Debug|x64.ActiveCfg = Debug|Any CPU
		{1A6566DF-416E-B2C7-C1FF-B06D1849AB0F}.Debug|x64.Build.0 = Debug|Any CPU
		{1A6566DF-416E-B2C7-C1FF-B06D1849AB0F}.Debug|x86.ActiveCfg = Debug|Any CPU
		{1A6566DF-416E-B2C7-C1FF-B06D1849AB0F}.Debug|x86.Build.0 = Debug|Any CPU
		{1A6566DF-416E-B2C7-C1FF-B06D1849AB0F}.Release|Any CPU.ActiveCfg = Release|Any CPU
		{1A6566DF-416E-B2C7-C1FF-B06D1849AB0F}.Release|Any CPU.Build.0 = Release|Any CPU
		{1A6566DF-416E-B2C7-C1FF-B06D1849AB0F}.Release|x64.ActiveCfg = Release|Any CPU
		{1A6566DF-416E-B2C7-C1FF-B06D1849AB0F}.Release|x64.Build.0 = Release|Any CPU
		{1A6566DF-416E-B2C7-C1FF-B06D1849AB0F}.Release|x86.ActiveCfg = Release|Any CPU
		{1A6566DF-416E-B2C7-C1FF-B06D1849AB0F}.Release|x86.Build.0 = Release|Any CPU
		{9631BDEC-18CC-4140-830C-4B71A55756D4}.Debug|Any CPU.ActiveCfg = Debug|Any CPU
		{9631BDEC-18CC-4140-830C-4B71A55756D4}.Debug|Any CPU.Build.0 = Debug|Any CPU
		{9631BDEC-18CC-4140-830C-4B71A55756D4}.Debug|x64.ActiveCfg = Debug|Any CPU
		{9631BDEC-18CC-4140-830C-4B71A55756D4}.Debug|x64.Build.0 = Debug|Any CPU
		{9631BDEC-18CC-4140-830C-4B71A55756D4}.Debug|x86.ActiveCfg = Debug|Any CPU
		{9631BDEC-18CC-4140-830C-4B71A55756D4}.Debug|x86.Build.0 = Debug|Any CPU
		{9631BDEC-18CC-4140-830C-4B71A55756D4}.Release|Any CPU.ActiveCfg = Release|Any CPU
		{9631BDEC-18CC-4140-830C-4B71A55756D4}.Release|Any CPU.Build.0 = Release|Any CPU
		{9631BDEC-18CC-4140-830C-4B71A55756D4}.Release|x64.ActiveCfg = Release|Any CPU
		{9631BDEC-18CC-4140-830C-4B71A55756D4}.Release|x64.Build.0 = Release|Any CPU
		{9631BDEC-18CC-4140-830C-4B71A55756D4}.Release|x86.ActiveCfg = Release|Any CPU
		{9631BDEC-18CC-4140-830C-4B71A55756D4}.Release|x86.Build.0 = Release|Any CPU
		{A631BDEC-28CC-4240-930C-5B71A55756D5}.Debug|Any CPU.ActiveCfg = Debug|Any CPU
		{A631BDEC-28CC-4240-930C-5B71A55756D5}.Debug|Any CPU.Build.0 = Debug|Any CPU
		{A631BDEC-28CC-4240-930C-5B71A55756D5}.Debug|x64.ActiveCfg = Debug|Any CPU
		{A631BDEC-28CC-4240-930C-5B71A55756D5}.Debug|x64.Build.0 = Debug|Any CPU
		{A631BDEC-28CC-4240-930C-5B71A55756D5}.Debug|x86.ActiveCfg = Debug|Any CPU
		{A631BDEC-28CC-4240-930C-5B71A55756D5}.Debug|x86.Build.0 = Debug|Any CPU
		{A631BDEC-28CC-4240-930C-5B71A55756D5}.Release|Any CPU.ActiveCfg = Release|Any CPU
		{A631BDEC-28CC-4240-930C-5B71A55756D5}.Release|Any CPU.Build.0 = Release|Any CPU
		{A631BDEC-28CC-4240-930C-5B71A55756D5}.Release|x64.ActiveCfg = Release|Any CPU
		{A631BDEC-28CC-4240-930C-5B71A55756D5}.Release|x64.Build.0 = Release|Any CPU
		{A631BDEC-28CC-4240-930C-5B71A55756D5}.Release|x86.ActiveCfg = Release|Any CPU
		{A631BDEC-28CC-4240-930C-5B71A55756D5}.Release|x86.Build.0 = Release|Any CPU
		{B631BDEC-38CC-4340-A30C-6B71A55756D6}.Debug|Any CPU.ActiveCfg = Debug|Any CPU
		{B631BDEC-38CC-4340-A30C-6B71A55756D6}.Debug|Any CPU.Build.0 = Debug|Any CPU
		{B631BDEC-38CC-4340-A30C-6B71A55756D6}.Debug|x64.ActiveCfg = Debug|Any CPU
		{B631BDEC-38CC-4340-A30C-6B71A55756D6}.Debug|x64.Build.0 = Debug|Any CPU
		{B631BDEC-38CC-4340-A30C-6B71A55756D6}.Debug|x86.ActiveCfg = Debug|Any CPU
		{B631BDEC-38CC-4340-A30C-6B71A55756D6}.Debug|x86.Build.0 = Debug|Any CPU
		{B631BDEC-38CC-4340-A30C-6B71A55756D6}.Release|Any CPU.ActiveCfg = Release|Any CPU
		{B631BDEC-38CC-4340-A30C-6B71A55756D6}.Release|Any CPU.Build.0 = Release|Any CPU
		{B631BDEC-38CC-4340-A30C-6B71A55756D6}.Release|x64.ActiveCfg = Release|Any CPU
		{B631BDEC-38CC-4340-A30C-6B71A55756D6}.Release|x64.Build.0 = Release|Any CPU
		{B631BDEC-38CC-4340-A30C-6B71A55756D6}.Release|x86.ActiveCfg = Release|Any CPU
		{B631BDEC-38CC-4340-A30C-6B71A55756D6}.Release|x86.Build.0 = Release|Any CPU
		{C631BDEC-48CC-4440-B30C-7B71A55756D7}.Debug|Any CPU.ActiveCfg = Debug|Any CPU
		{C631BDEC-48CC-4440-B30C-7B71A55756D7}.Debug|Any CPU.Build.0 = Debug|Any CPU
		{C631BDEC-48CC-4440-B30C-7B71A55756D7}.Debug|x64.ActiveCfg = Debug|Any CPU
		{C631BDEC-48CC-4440-B30C-7B71A55756D7}.Debug|x64.Build.0 = Debug|Any CPU
		{C631BDEC-48CC-4440-B30C-7B71A55756D7}.Debug|x86.ActiveCfg = Debug|Any CPU
		{C631BDEC-48CC-4440-B30C-7B71A55756D7}.Debug|x86.Build.0 = Debug|Any CPU
		{C631BDEC-48CC-4440-B30C-7B71A55756D7}.Release|Any CPU.ActiveCfg = Release|Any CPU
		{C631BDEC-48CC-4440-B30C-7B71A55756D7}.Release|Any CPU.Build.0 = Release|Any CPU
		{C631BDEC-48CC-4440-B30C-7B71A55756D7}.Release|x64.ActiveCfg = Release|Any CPU
		{C631BDEC-48CC-4440-B30C-7B71A55756D7}.Release|x64.Build.0 = Release|Any CPU
		{C631BDEC-48CC-4440-B30C-7B71A55756D7}.Release|x86.ActiveCfg = Release|Any CPU
		{C631BDEC-48CC-4440-B30C-7B71A55756D7}.Release|x86.Build.0 = Release|Any CPU
		{D631BDEC-58CC-4540-C30C-8B71A55756D8}.Debug|Any CPU.ActiveCfg = Debug|Any CPU
		{D631BDEC-58CC-4540-C30C-8B71A55756D8}.Debug|Any CPU.Build.0 = Debug|Any CPU
		{D631BDEC-58CC-4540-C30C-8B71A55756D8}.Debug|x64.ActiveCfg = Debug|Any CPU
		{D631BDEC-58CC-4540-C30C-8B71A55756D8}.Debug|x64.Build.0 = Debug|Any CPU
		{D631BDEC-58CC-4540-C30C-8B71A55756D8}.Debug|x86.ActiveCfg = Debug|Any CPU
		{D631BDEC-58CC-4540-C30C-8B71A55756D8}.Debug|x86.Build.0 = Debug|Any CPU
		{D631BDEC-58CC-4540-C30C-8B71A55756D8}.Release|Any CPU.ActiveCfg = Release|Any CPU
		{D631BDEC-58CC-4540-C30C-8B71A55756D8}.Release|Any CPU.Build.0 = Release|Any CPU
		{D631BDEC-58CC-4540-C30C-8B71A55756D8}.Release|x64.ActiveCfg = Release|Any CPU
		{D631BDEC-58CC-4540-C30C-8B71A55756D8}.Release|x64.Build.0 = Release|Any CPU
		{D631BDEC-58CC-4540-C30C-8B71A55756D8}.Release|x86.ActiveCfg = Release|Any CPU
		{D631BDEC-58CC-4540-C30C-8B71A55756D8}.Release|x86.Build.0 = Release|Any CPU
		{E631BDEC-68CC-4640-D30C-9B71A55756D9}.Debug|Any CPU.ActiveCfg = Debug|Any CPU
		{E631BDEC-68CC-4640-D30C-9B71A55756D9}.Debug|Any CPU.Build.0 = Debug|Any CPU
		{E631BDEC-68CC-4640-D30C-9B71A55756D9}.Debug|x64.ActiveCfg = Debug|Any CPU
		{E631BDEC-68CC-4640-D30C-9B71A55756D9}.Debug|x64.Build.0 = Debug|Any CPU
		{E631BDEC-68CC-4640-D30C-9B71A55756D9}.Debug|x86.ActiveCfg = Debug|Any CPU
		{E631BDEC-68CC-4640-D30C-9B71A55756D9}.Debug|x86.Build.0 = Debug|Any CPU
		{E631BDEC-68CC-4640-D30C-9B71A55756D9}.Release|Any CPU.ActiveCfg = Release|Any CPU
		{E631BDEC-68CC-4640-D30C-9B71A55756D9}.Release|Any CPU.Build.0 = Release|Any CPU
		{E631BDEC-68CC-4640-D30C-9B71A55756D9}.Release|x64.ActiveCfg = Release|Any CPU
		{E631BDEC-68CC-4640-D30C-9B71A55756D9}.Release|x64.Build.0 = Release|Any CPU
		{E631BDEC-68CC-4640-D30C-9B71A55756D9}.Release|x86.ActiveCfg = Release|Any CPU
		{E631BDEC-68CC-4640-D30C-9B71A55756D9}.Release|x86.Build.0 = Release|Any CPU
		{F631BDEC-78CC-4740-E30C-AB71A55756DA}.Debug|Any CPU.ActiveCfg = Debug|Any CPU
		{F631BDEC-78CC-4740-E30C-AB71A55756DA}.Debug|Any CPU.Build.0 = Debug|Any CPU
		{F631BDEC-78CC-4740-E30C-AB71A55756DA}.Debug|x64.ActiveCfg = Debug|Any CPU
		{F631BDEC-78CC-4740-E30C-AB71A55756DA}.Debug|x64.Build.0 = Debug|Any CPU
		{F631BDEC-78CC-4740-E30C-AB71A55756DA}.Debug|x86.ActiveCfg = Debug|Any CPU
		{F631BDEC-78CC-4740-E30C-AB71A55756DA}.Debug|x86.Build.0 = Debug|Any CPU
		{F631BDEC-78CC-4740-E30C-AB71A55756DA}.Release|Any CPU.ActiveCfg = Release|Any CPU
		{F631BDEC-78CC-4740-E30C-AB71A55756DA}.Release|Any CPU.Build.0 = Release|Any CPU
		{F631BDEC-78CC-4740-E30C-AB71A55756DA}.Release|x64.ActiveCfg = Release|Any CPU
		{F631BDEC-78CC-4740-E30C-AB71A55756DA}.Release|x64.Build.0 = Release|Any CPU
		{F631BDEC-78CC-4740-E30C-AB71A55756DA}.Release|x86.ActiveCfg = Release|Any CPU
		{F631BDEC-78CC-4740-E30C-AB71A55756DA}.Release|x86.Build.0 = Release|Any CPU
		{G631BDEC-88CC-4840-F30C-BB71A55756DB}.Debug|Any CPU.ActiveCfg = Debug|Any CPU
		{G631BDEC-88CC-4840-F30C-BB71A55756DB}.Debug|Any CPU.Build.0 = Debug|Any CPU
		{G631BDEC-88CC-4840-F30C-BB71A55756DB}.Debug|x64.ActiveCfg = Debug|Any CPU
		{G631BDEC-88CC-4840-F30C-BB71A55756DB}.Debug|x64.Build.0 = Debug|Any CPU
		{G631BDEC-88CC-4840-F30C-BB71A55756DB}.Debug|x86.ActiveCfg = Debug|Any CPU
		{G631BDEC-88CC-4840-F30C-BB71A55756DB}.Debug|x86.Build.0 = Debug|Any CPU
		{G631BDEC-88CC-4840-F30C-BB71A55756DB}.Release|Any CPU.ActiveCfg = Release|Any CPU
		{G631BDEC-88CC-4840-F30C-BB71A55756DB}.Release|Any CPU.Build.0 = Release|Any CPU
		{G631BDEC-88CC-4840-F30C-BB71A55756DB}.Release|x64.ActiveCfg = Release|Any CPU
		{G631BDEC-88CC-4840-F30C-BB71A55756DB}.Release|x64.Build.0 = Release|Any CPU
		{G631BDEC-88CC-4840-F30C-BB71A55756DB}.Release|x86.ActiveCfg = Release|Any CPU
		{G631BDEC-88CC-4840-F30C-BB71A55756DB}.Release|x86.Build.0 = Release|Any CPU
		{H631BDEC-98CC-4940-030C-CB71A55756DC}.Debug|Any CPU.ActiveCfg = Debug|Any CPU
		{H631BDEC-98CC-4940-030C-CB71A55756DC}.Debug|Any CPU.Build.0 = Debug|Any CPU
		{H631BDEC-98CC-4940-030C-CB71A55756DC}.Debug|x64.ActiveCfg = Debug|Any CPU
		{H631BDEC-98CC-4940-030C-CB71A55756DC}.Debug|x64.Build.0 = Debug|Any CPU
		{H631BDEC-98CC-4940-030C-CB71A55756DC}.Debug|x86.ActiveCfg = Debug|Any CPU
		{H631BDEC-98CC-4940-030C-CB71A55756DC}.Debug|x86.Build.0 = Debug|Any CPU
		{H631BDEC-98CC-4940-030C-CB71A55756DC}.Release|Any CPU.ActiveCfg = Release|Any CPU
		{H631BDEC-98CC-4940-030C-CB71A55756DC}.Release|Any CPU.Build.0 = Release|Any CPU
		{H631BDEC-98CC-4940-030C-CB71A55756DC}.Release|x64.ActiveCfg = Release|Any CPU
		{H631BDEC-98CC-4940-030C-CB71A55756DC}.Release|x64.Build.0 = Release|Any CPU
		{H631BDEC-98CC-4940-030C-CB71A55756DC}.Release|x86.ActiveCfg = Release|Any CPU
		{H631BDEC-98CC-4940-030C-CB71A55756DC}.Release|x86.Build.0 = Release|Any CPU
		{I631BDEC-A8CC-4A40-130C-DB71A55756DD}.Debug|Any CPU.ActiveCfg = Debug|Any CPU
		{I631BDEC-A8CC-4A40-130C-DB71A55756DD}.Debug|Any CPU.Build.0 = Debug|Any CPU
		{I631BDEC-A8CC-4A40-130C-DB71A55756DD}.Debug|x64.ActiveCfg = Debug|Any CPU
		{I631BDEC-A8CC-4A40-130C-DB71A55756DD}.Debug|x64.Build.0 = Debug|Any CPU
		{I631BDEC-A8CC-4A40-130C-DB71A55756DD}.Debug|x86.ActiveCfg = Debug|Any CPU
		{I631BDEC-A8CC-4A40-130C-DB71A55756DD}.Debug|x86.Build.0 = Debug|Any CPU
		{I631BDEC-A8CC-4A40-130C-DB71A55756DD}.Release|Any CPU.ActiveCfg = Release|Any CPU
		{I631BDEC-A8CC-4A40-130C-DB71A55756DD}.Release|Any CPU.Build.0 = Release|Any CPU
		{I631BDEC-A8CC-4A40-130C-DB71A55756DD}.Release|x64.ActiveCfg = Release|Any CPU
		{I631BDEC-A8CC-4A40-130C-DB71A55756DD}.Release|x64.Build.0 = Release|Any CPU
		{I631BDEC-A8CC-4A40-130C-DB71A55756DD}.Release|x86.ActiveCfg = Release|Any CPU
		{I631BDEC-A8CC-4A40-130C-DB71A55756DD}.Release|x86.Build.0 = Release|Any CPU
		{J631BDEC-B8CC-4B40-230C-EB71A55756DE}.Debug|Any CPU.ActiveCfg = Debug|Any CPU
		{J631BDEC-B8CC-4B40-230C-EB71A55756DE}.Debug|Any CPU.Build.0 = Debug|Any CPU
		{J631BDEC-B8CC-4B40-230C-EB71A55756DE}.Debug|x64.ActiveCfg = Debug|Any CPU
		{J631BDEC-B8CC-4B40-230C-EB71A55756DE}.Debug|x64.Build.0 = Debug|Any CPU
		{J631BDEC-B8CC-4B40-230C-EB71A55756DE}.Debug|x86.ActiveCfg = Debug|Any CPU
		{J631BDEC-B8CC-4B40-230C-EB71A55756DE}.Debug|x86.Build.0 = Debug|Any CPU
		{J631BDEC-B8CC-4B40-230C-EB71A55756DE}.Release|Any CPU.ActiveCfg = Release|Any CPU
		{J631BDEC-B8CC-4B40-230C-EB71A55756DE}.Release|Any CPU.Build.0 = Release|Any CPU
		{J631BDEC-B8CC-4B40-230C-EB71A55756DE}.Release|x64.ActiveCfg = Release|Any CPU
		{J631BDEC-B8CC-4B40-230C-EB71A55756DE}.Release|x64.Build.0 = Release|Any CPU
		{J631BDEC-B8CC-4B40-230C-EB71A55756DE}.Release|x86.ActiveCfg = Release|Any CPU
		{J631BDEC-B8CC-4B40-230C-EB71A55756DE}.Release|x86.Build.0 = Release|Any CPU
		{K631BDEC-C8CC-4C40-330C-FB71A55756DF}.Debug|Any CPU.ActiveCfg = Debug|Any CPU
		{K631BDEC-C8CC-4C40-330C-FB71A55756DF}.Debug|Any CPU.Build.0 = Debug|Any CPU
		{K631BDEC-C8CC-4C40-330C-FB71A55756DF}.Debug|x64.ActiveCfg = Debug|Any CPU
		{K631BDEC-C8CC-4C40-330C-FB71A55756DF}.Debug|x64.Build.0 = Debug|Any CPU
		{K631BDEC-C8CC-4C40-330C-FB71A55756DF}.Debug|x86.ActiveCfg = Debug|Any CPU
		{K631BDEC-C8CC-4C40-330C-FB71A55756DF}.Debug|x86.Build.0 = Debug|Any CPU
		{K631BDEC-C8CC-4C40-330C-FB71A55756DF}.Release|Any CPU.ActiveCfg = Release|Any CPU
		{K631BDEC-C8CC-4C40-330C-FB71A55756DF}.Release|Any CPU.Build.0 = Release|Any CPU
		{K631BDEC-C8CC-4C40-330C-FB71A55756DF}.Release|x64.ActiveCfg = Release|Any CPU
		{K631BDEC-C8CC-4C40-330C-FB71A55756DF}.Release|x64.Build.0 = Release|Any CPU
		{K631BDEC-C8CC-4C40-330C-FB71A55756DF}.Release|x86.ActiveCfg = Release|Any CPU
		{K631BDEC-C8CC-4C40-330C-FB71A55756DF}.Release|x86.Build.0 = Release|Any CPU
		{L631BDEC-D8CC-4D40-430C-0B72A55756E0}.Debug|Any CPU.ActiveCfg = Debug|Any CPU
		{L631BDEC-D8CC-4D40-430C-0B72A55756E0}.Debug|Any CPU.Build.0 = Debug|Any CPU
		{L631BDEC-D8CC-4D40-430C-0B72A55756E0}.Debug|x64.ActiveCfg = Debug|Any CPU
		{L631BDEC-D8CC-4D40-430C-0B72A55756E0}.Debug|x64.Build.0 = Debug|Any CPU
		{L631BDEC-D8CC-4D40-430C-0B72A55756E0}.Debug|x86.ActiveCfg = Debug|Any CPU
		{L631BDEC-D8CC-4D40-430C-0B72A55756E0}.Debug|x86.Build.0 = Debug|Any CPU
		{L631BDEC-D8CC-4D40-430C-0B72A55756E0}.Release|Any CPU.ActiveCfg = Release|Any CPU
		{L631BDEC-D8CC-4D40-430C-0B72A55756E0}.Release|Any CPU.Build.0 = Release|Any CPU
		{L631BDEC-D8CC-4D40-430C-0B72A55756E0}.Release|x64.ActiveCfg = Release|Any CPU
		{L631BDEC-D8CC-4D40-430C-0B72A55756E0}.Release|x64.Build.0 = Release|Any CPU
		{L631BDEC-D8CC-4D40-430C-0B72A55756E0}.Release|x86.ActiveCfg = Release|Any CPU
		{L631BDEC-D8CC-4D40-430C-0B72A55756E0}.Release|x86.Build.0 = Release|Any CPU
		{M631BDEC-E8CC-4E40-530C-1B72A55756E1}.Debug|Any CPU.ActiveCfg = Debug|Any CPU
		{M631BDEC-E8CC-4E40-530C-1B72A55756E1}.Debug|Any CPU.Build.0 = Debug|Any CPU
		{M631BDEC-E8CC-4E40-530C-1B72A55756E1}.Debug|x64.ActiveCfg = Debug|Any CPU
		{M631BDEC-E8CC-4E40-530C-1B72A55756E1}.Debug|x64.Build.0 = Debug|Any CPU
		{M631BDEC-E8CC-4E40-530C-1B72A55756E1}.Debug|x86.ActiveCfg = Debug|Any CPU
		{M631BDEC-E8CC-4E40-530C-1B72A55756E1}.Debug|x86.Build.0 = Debug|Any CPU
		{M631BDEC-E8CC-4E40-530C-1B72A55756E1}.Release|Any CPU.ActiveCfg = Release|Any CPU
		{M631BDEC-E8CC-4E40-530C-1B72A55756E1}.Release|Any CPU.Build.0 = Release|Any CPU
		{M631BDEC-E8CC-4E40-530C-1B72A55756E1}.Release|x64.ActiveCfg = Release|Any CPU
		{M631BDEC-E8CC-4E40-530C-1B72A55756E1}.Release|x64.Build.0 = Release|Any CPU
		{M631BDEC-E8CC-4E40-530C-1B72A55756E1}.Release|x86.ActiveCfg = Release|Any CPU
		{M631BDEC-E8CC-4E40-530C-1B72A55756E1}.Release|x86.Build.0 = Release|Any CPU
		{N631BDEC-F8CC-4F40-630C-2B72A55756E2}.Debug|Any CPU.ActiveCfg = Debug|Any CPU
		{N631BDEC-F8CC-4F40-630C-2B72A55756E2}.Debug|Any CPU.Build.0 = Debug|Any CPU
		{N631BDEC-F8CC-4F40-630C-2B72A55756E2}.Debug|x64.ActiveCfg = Debug|Any CPU
		{N631BDEC-F8CC-4F40-630C-2B72A55756E2}.Debug|x64.Build.0 = Debug|Any CPU
		{N631BDEC-F8CC-4F40-630C-2B72A55756E2}.Debug|x86.ActiveCfg = Debug|Any CPU
		{N631BDEC-F8CC-4F40-630C-2B72A55756E2}.Debug|x86.Build.0 = Debug|Any CPU
		{N631BDEC-F8CC-4F40-630C-2B72A55756E2}.Release|Any CPU.ActiveCfg = Release|Any CPU
		{N631BDEC-F8CC-4F40-630C-2B72A55756E2}.Release|Any CPU.Build.0 = Release|Any CPU
		{N631BDEC-F8CC-4F40-630C-2B72A55756E2}.Release|x64.ActiveCfg = Release|Any CPU
		{N631BDEC-F8CC-4F40-630C-2B72A55756E2}.Release|x64.Build.0 = Release|Any CPU
		{N631BDEC-F8CC-4F40-630C-2B72A55756E2}.Release|x86.ActiveCfg = Release|Any CPU
		{N631BDEC-F8CC-4F40-630C-2B72A55756E2}.Release|x86.Build.0 = Release|Any CPU
	EndGlobalSection
	GlobalSection(SolutionProperties) = preSolution
		HideSolutionNode = FALSE
	EndGlobalSection
EndGlobal
